
Microsoft Visual Studio Solution File, Format Version 12.00
# Visual Studio Version 16
VisualStudioVersion = 16.0.31205.134
MinimumVisualStudioVersion = 10.0.40219.1
Project("{FAE04EC0-301F-11D3-BF4B-00C04F79EFBC}") = "TFTIC.DotNet.Demos.Delegates", "TFTIC.DotNet.Demos.Delegates\TFTIC.DotNet.Demos.Delegates.csproj", "{0A52BDA7-DF2B-4D05-955C-A95A02E0A48A}"
EndProject
Project("{FAE04EC0-301F-11D3-BF4B-00C04F79EFBC}") = "TFTIC.DotNet.Exos.Delegate", "TFTIC.DotNet.Exos.Delegate\TFTIC.DotNet.Exos.Delegate.csproj", "{B6F32643-9C3F-4364-96A7-F7C8B04DCCD0}"
EndProject
Global
	GlobalSection(SolutionConfigurationPlatforms) = preSolution
		Debug|Any CPU = Debug|Any CPU
		Release|Any CPU = Release|Any CPU
	EndGlobalSection
	GlobalSection(ProjectConfigurationPlatforms) = postSolution
		{0A52BDA7-DF2B-4D05-955C-A95A02E0A48A}.Debug|Any CPU.ActiveCfg = Debug|Any CPU
		{0A52BDA7-DF2B-4D05-955C-A95A02E0A48A}.Debug|Any CPU.Build.0 = Debug|Any CPU
		{0A52BDA7-DF2B-4D05-955C-A95A02E0A48A}.Release|Any CPU.ActiveCfg = Release|Any CPU
		{0A52BDA7-DF2B-4D05-955C-A95A02E0A48A}.Release|Any CPU.Build.0 = Release|Any CPU
		{B6F32643-9C3F-4364-96A7-F7C8B04DCCD0}.Debug|Any CPU.ActiveCfg = Debug|Any CPU
		{B6F32643-9C3F-4364-96A7-F7C8B04DCCD0}.Debug|Any CPU.Build.0 = Debug|Any CPU
		{B6F32643-9C3F-4364-96A7-F7C8B04DCCD0}.Release|Any CPU.ActiveCfg = Release|Any CPU
		{B6F32643-9C3F-4364-96A7-F7C8B04DCCD0}.Release|Any CPU.Build.0 = Release|Any CPU
	EndGlobalSection
	GlobalSection(SolutionProperties) = preSolution
		HideSolutionNode = FALSE
	EndGlobalSection
	GlobalSection(ExtensibilityGlobals) = postSolution
		SolutionGuid = {087B5CCB-1329-4824-A8AC-E5B097036D6D}
	EndGlobalSection
EndGlobal
